github.com/monitor1379/yagods v1.13.0 h1:Y4Fz7tr9AlS0B+ZMBFiAi+Vr/arNVthlhUIoKT1cUjU=
github.com/monitor1379/yagods v1.13.0/go.mod h1:xswAbe88LUyeUsFYEY2l1eL/3Rv9RcT36wHQA5hW82o=
github.com/zyedidia/generic v1.2.1 h1:Zv5KS/N2m0XZZiuLS82qheRG4X1o5gsWreGb0hR7XDc=
github.com/zyedidia/generic v1.2.1/go.mod h1:ly2RBz4mnz1yeuVbQA/VFwGjK3mnHGRj1JuoG336Bis=
golang.org/x/exp v0.0.0-20230713183714-613f0c0eb8a1 h1:MGwJjxBy0HJshjDNfLsYO8xppfqWlA5ZT9OhtUUhTNw=
golang.org/x/exp v0.0.0-20230713183714-613f0c0eb8a1/go.mod h1:FXUEEKJgO7OQYeo8N01OfiKP8RXMtf6e8aTskBGqWdc=
